
Microsoft Visual Studio Solution File, Format Version 12.00
# Visual Studio Version 16
VisualStudioVersion = 16.0.29709.97
MinimumVisualStudioVersion = 10.0.40219.1
Project("{FAE04EC0-301F-11D3-BF4B-00C04F79EFBC}") = "CsharpAsyncStreamsCheckpoint", "CsharpAsyncStreamsCheckpoint\CsharpAsyncStreamsCheckpoint.csproj", "{5B35B08E-2522-49FB-9C77-88648C0E1F79}"
EndProject
Global
	GlobalSection(SolutionConfigurationPlatforms) = preSolution
		Debug|Any CPU = Debug|Any CPU
		Release|Any CPU = Release|Any CPU
	EndGlobalSection
	GlobalSection(ProjectConfigurationPlatforms) = postSolution
		{5B35B08E-2522-49FB-9C77-88648C0E1F79}.Debug|Any CPU.ActiveCfg = Debug|Any CPU
		{5B35B08E-2522-49FB-9C77-88648C0E1F79}.Debug|Any CPU.Build.0 = Debug|Any CPU
		{5B35B08E-2522-49FB-9C77-88648C0E1F79}.Release|Any CPU.ActiveCfg = Release|Any CPU
		{5B35B08E-2522-49FB-9C77-88648C0E1F79}.Release|Any CPU.Build.0 = Release|Any CPU
	EndGlobalSection
	GlobalSection(SolutionProperties) = preSolution
		HideSolutionNode = FALSE
	EndGlobalSection
	GlobalSection(ExtensibilityGlobals) = postSolution
		SolutionGuid = {30C15138-55E6-4DF6-9CBE-9260E6D26589}
	EndGlobalSection
EndGlobal
